
Microsoft Visual Studio Solution File, Format Version 12.00
# Visual Studio 14
VisualStudioVersion = 14.0.25420.1
MinimumVisualStudioVersion = 10.0.40219.1
Project("{FAE04EC0-301F-11D3-BF4B-00C04F79EFBC}") = "BookViewer", "BookViewer\BookViewer\BookViewer.csproj", "{55E791C2-39FC-4C5F-BFFB-5D06A783BE2A}"
EndProject
Project("{FAE04EC0-301F-11D3-BF4B-00C04F79EFBC}") = "BookViewer.Droid", "BookViewer\BookViewer.Droid\BookViewer.Droid.csproj", "{BC792FB6-8C58-43D1-BCE2-983BBE3D30BD}"
EndProject
Project("{FAE04EC0-301F-11D3-BF4B-00C04F79EFBC}") = "BookViewer.iOS", "BookViewer\BookViewer.iOS\BookViewer.iOS.csproj", "{16502D76-8C85-401A-8E94-037A56579734}"
EndProject
Project("{FAE04EC0-301F-11D3-BF4B-00C04F79EFBC}") = "BookViewer.UWP", "BookViewer\BookViewer.UWP\BookViewer.UWP.csproj", "{AD39C01C-0DD9-48AB-A7D4-879DD677BC7E}"
EndProject
Global
	GlobalSection(SolutionConfigurationPlatforms) = preSolution
		Ad-Hoc|Any CPU = Ad-Hoc|Any CPU
		Ad-Hoc|ARM = Ad-Hoc|ARM
		Ad-Hoc|iPhone = Ad-Hoc|iPhone
		Ad-Hoc|iPhoneSimulator = Ad-Hoc|iPhoneSimulator
		Ad-Hoc|x64 = Ad-Hoc|x64
		Ad-Hoc|x86 = Ad-Hoc|x86
		AppStore|Any CPU = AppStore|Any CPU
		AppStore|ARM = AppStore|ARM
		AppStore|iPhone = AppStore|iPhone
		AppStore|iPhoneSimulator = AppStore|iPhoneSimulator
		AppStore|x64 = AppStore|x64
		AppStore|x86 = AppStore|x86
		Debug|Any CPU = Debug|Any CPU
		Debug|ARM = Debug|ARM
		Debug|iPhone = Debug|iPhone
		Debug|iPhoneSimulator = Debug|iPhoneSimulator
		Debug|x64 = Debug|x64
		Debug|x86 = Debug|x86
		Release|Any CPU = Release|Any CPU
		Release|ARM = Release|ARM
		Release|iPhone = Release|iPhone
		Release|iPhoneSimulator = Release|iPhoneSimulator
		Release|x64 = Release|x64
		Release|x86 = Release|x86
	EndGlobalSection
	GlobalSection(ProjectConfigurationPlatforms) = postSolution
		{55E791C2-39FC-4C5F-BFFB-5D06A783BE2A}.Ad-Hoc|Any CPU.ActiveCfg = Release|Any CPU
		{55E791C2-39FC-4C5F-BFFB-5D06A783BE2A}.Ad-Hoc|Any CPU.Build.0 = Release|Any CPU
		{55E791C2-39FC-4C5F-BFFB-5D06A783BE2A}.Ad-Hoc|ARM.ActiveCfg = Release|Any CPU
		{55E791C2-39FC-4C5F-BFFB-5D06A783BE2A}.Ad-Hoc|ARM.Build.0 = Release|Any CPU
		{55E791C2-39FC-4C5F-BFFB-5D06A783BE2A}.Ad-Hoc|iPhone.ActiveCfg = Release|Any CPU
		{55E791C2-39FC-4C5F-BFFB-5D06A783BE2A}.Ad-Hoc|iPhone.Build.0 = Release|Any CPU
		{55E791C2-39FC-4C5F-BFFB-5D06A783BE2A}.Ad-Hoc|iPhoneSimulator.ActiveCfg = Release|Any CPU
		{55E791C2-39FC-4C5F-BFFB-5D06A783BE2A}.Ad-Hoc|iPhoneSimulator.Build.0 = Release|Any CPU
		{55E791C2-39FC-4C5F-BFFB-5D06A783BE2A}.Ad-Hoc|x64.ActiveCfg = Release|Any CPU
		{55E791C2-39FC-4C5F-BFFB-5D06A783BE2A}.Ad-Hoc|x64.Build.0 = Release|Any CPU
		{55E791C2-39FC-4C5F-BFFB-5D06A783BE2A}.Ad-Hoc|x86.ActiveCfg = Release|Any CPU
		{55E791C2-39FC-4C5F-BFFB-5D06A783BE2A}.Ad-Hoc|x86.Build.0 = Release|Any CPU
		{55E791C2-39FC-4C5F-BFFB-5D06A783BE2A}.AppStore|Any CPU.ActiveCfg = Release|Any CPU
		{55E791C2-39FC-4C5F-BFFB-5D06A783BE2A}.AppStore|Any CPU.Build.0 = Release|Any CPU
		{55E791C2-39FC-4C5F-BFFB-5D06A783BE2A}.AppStore|ARM.ActiveCfg = Release|Any CPU
		{55E791C2-39FC-4C5F-BFFB-5D06A783BE2A}.AppStore|ARM.Build.0 = Release|Any CPU
		{55E791C2-39FC-4C5F-BFFB-5D06A783BE2A}.AppStore|iPhone.ActiveCfg = Release|Any CPU
		{55E791C2-39FC-4C5F-BFFB-5D06A783BE2A}.AppStore|iPhone.Build.0 = Release|Any CPU
		{55E791C2-39FC-4C5F-BFFB-5D06A783BE2A}.AppStore|iPhoneSimulator.ActiveCfg = Release|Any CPU
		{55E791C2-39FC-4C5F-BFFB-5D06A783BE2A}.AppStore|iPhoneSimulator.Build.0 = Release|Any CPU
		{55E791C2-39FC-4C5F-BFFB-5D06A783BE2A}.AppStore|x64.ActiveCfg = Release|Any CPU
		{55E791C2-39FC-4C5F-BFFB-5D06A783BE2A}.AppStore|x64.Build.0 = Release|Any CPU
		{55E791C2-39FC-4C5F-BFFB-5D06A783BE2A}.AppStore|x86.ActiveCfg = Release|Any CPU
		{55E791C2-39FC-4C5F-BFFB-5D06A783BE2A}.AppStore|x86.Build.0 = Release|Any CPU
		{55E791C2-39FC-4C5F-BFFB-5D06A783BE2A}.Debug|Any CPU.ActiveCfg = Debug|Any CPU
		{55E791C2-39FC-4C5F-BFFB-5D06A783BE2A}.Debug|Any CPU.Build.0 = Debug|Any CPU
		{55E791C2-39FC-4C5F-BFFB-5D06A783BE2A}.Debug|ARM.ActiveCfg = Debug|Any CPU
		{55E791C2-39FC-4C5F-BFFB-5D06A783BE2A}.Debug|ARM.Build.0 = Debug|Any CPU
		{55E791C2-39FC-4C5F-BFFB-5D06A783BE2A}.Debug|iPhone.ActiveCfg = Debug|Any CPU
		{55E791C2-39FC-4C5F-BFFB-5D06A783BE2A}.Debug|iPhone.Build.0 = Debug|Any CPU
		{55E791C2-39FC-4C5F-BFFB-5D06A783BE2A}.Debug|iPhoneSimulator.ActiveCfg = Debug|Any CPU
		{55E791C2-39FC-4C5F-BFFB-5D06A783BE2A}.Debug|iPhoneSimulator.Build.0 = Debug|Any CPU
		{55E791C2-39FC-4C5F-BFFB-5D06A783BE2A}.Debug|x64.ActiveCfg = Debug|Any CPU
		{55E791C2-39FC-4C5F-BFFB-5D06A783BE2A}.Debug|x64.Build.0 = Debug|Any CPU
		{55E791C2-39FC-4C5F-BFFB-5D06A783BE2A}.Debug|x86.ActiveCfg = Debug|Any CPU
		{55E791C2-39FC-4C5F-BFFB-5D06A783BE2A}.Debug|x86.Build.0 = Debug|Any CPU
		{55E791C2-39FC-4C5F-BFFB-5D06A783BE2A}.Release|Any CPU.ActiveCfg = Release|Any CPU
		{55E791C2-39FC-4C5F-BFFB-5D06A783BE2A}.Release|Any CPU.Build.0 = Release|Any CPU
		{55E791C2-39FC-4C5F-BFFB-5D06A783BE2A}.Release|ARM.ActiveCfg = Release|Any CPU
		{55E791C2-39FC-4C5F-BFFB-5D06A783BE2A}.Release|ARM.Build.0 = Release|Any CPU
		{55E791C2-39FC-4C5F-BFFB-5D06A783BE2A}.Release|iPhone.ActiveCfg = Release|Any CPU
		{55E791C2-39FC-4C5F-BFFB-5D06A783BE2A}.Release|iPhone.Build.0 = Release|Any CPU
		{55E791C2-39FC-4C5F-BFFB-5D06A783BE2A}.Release|iPhoneSimulator.ActiveCfg = Release|Any CPU
		{55E791C2-39FC-4C5F-BFFB-5D06A783BE2A}.Release|iPhoneSimulator.Build.0 = Release|Any CPU
		{55E791C2-39FC-4C5F-BFFB-5D06A783BE2A}.Release|x64.ActiveCfg = Release|Any CPU
		{55E791C2-39FC-4C5F-BFFB-5D06A783BE2A}.Release|x64.Build.0 = Release|Any CPU
		{55E791C2-39FC-4C5F-BFFB-5D06A783BE2A}.Release|x86.ActiveCfg = Release|Any CPU
		{55E791C2-39FC-4C5F-BFFB-5D06A783BE2A}.Release|x86.Build.0 = Release|Any CPU
		{BC792FB6-8C58-43D1-BCE2-983BBE3D30BD}.Ad-Hoc|Any CPU.ActiveCfg = Release|Any CPU
		{BC792FB6-8C58-43D1-BCE2-983BBE3D30BD}.Ad-Hoc|Any CPU.Build.0 = Release|Any CPU
		{BC792FB6-8C58-43D1-BCE2-983BBE3D30BD}.Ad-Hoc|Any CPU.Deploy.0 = Release|Any CPU
		{BC792FB6-8C58-43D1-BCE2-983BBE3D30BD}.Ad-Hoc|ARM.ActiveCfg = Release|Any CPU
		{BC792FB6-8C58-43D1-BCE2-983BBE3D30BD}.Ad-Hoc|ARM.Build.0 = Release|Any CPU
		{BC792FB6-8C58-43D1-BCE2-983BBE3D30BD}.Ad-Hoc|ARM.Deploy.0 = Release|Any CPU
		{BC792FB6-8C58-43D1-BCE2-983BBE3D30BD}.Ad-Hoc|iPhone.ActiveCfg = Release|Any CPU
		{BC792FB6-8C58-43D1-BCE2-983BBE3D30BD}.Ad-Hoc|iPhone.Build.0 = Release|Any CPU
		{BC792FB6-8C58-43D1-BCE2-983BBE3D30BD}.Ad-Hoc|iPhone.Deploy.0 = Release|Any CPU
		{BC792FB6-8C58-43D1-BCE2-983BBE3D30BD}.Ad-Hoc|iPhoneSimulator.ActiveCfg = Release|Any CPU
		{BC792FB6-8C58-43D1-BCE2-983BBE3D30BD}.Ad-Hoc|iPhoneSimulator.Build.0 = Release|Any CPU
		{BC792FB6-8C58-43D1-BCE2-983BBE3D30BD}.Ad-Hoc|iPhoneSimulator.Deploy.0 = Release|Any CPU
		{BC792FB6-8C58-43D1-BCE2-983BBE3D30BD}.Ad-Hoc|x64.ActiveCfg = Release|Any CPU
		{BC792FB6-8C58-43D1-BCE2-983BBE3D30BD}.Ad-Hoc|x64.Build.0 = Release|Any CPU
		{BC792FB6-8C58-43D1-BCE2-983BBE3D30BD}.Ad-Hoc|x64.Deploy.0 = Release|Any CPU
		{BC792FB6-8C58-43D1-BCE2-983BBE3D30BD}.Ad-Hoc|x86.ActiveCfg = Release|Any CPU
		{BC792FB6-8C58-43D1-BCE2-983BBE3D30BD}.Ad-Hoc|x86.Build.0 = Release|Any CPU
		{BC792FB6-8C58-43D1-BCE2-983BBE3D30BD}.Ad-Hoc|x86.Deploy.0 = Release|Any CPU
		{BC792FB6-8C58-43D1-BCE2-983BBE3D30BD}.AppStore|Any CPU.ActiveCfg = Release|Any CPU
		{BC792FB6-8C58-43D1-BCE2-983BBE3D30BD}.AppStore|Any CPU.Build.0 = Release|Any CPU
		{BC792FB6-8C58-43D1-BCE2-983BBE3D30BD}.AppStore|Any CPU.Deploy.0 = Release|Any CPU
		{BC792FB6-8C58-43D1-BCE2-983BBE3D30BD}.AppStore|ARM.ActiveCfg = Release|Any CPU
		{BC792FB6-8C58-43D1-BCE2-983BBE3D30BD}.AppStore|ARM.Build.0 = Release|Any CPU
		{BC792FB6-8C58-43D1-BCE2-983BBE3D30BD}.AppStore|ARM.Deploy.0 = Release|Any CPU
		{BC792FB6-8C58-43D1-BCE2-983BBE3D30BD}.AppStore|iPhone.ActiveCfg = Release|Any CPU
		{BC792FB6-8C58-43D1-BCE2-983BBE3D30BD}.AppStore|iPhone.Build.0 = Release|Any CPU
		{BC792FB6-8C58-43D1-BCE2-983BBE3D30BD}.AppStore|iPhone.Deploy.0 = Release|Any CPU
		{BC792FB6-8C58-43D1-BCE2-983BBE3D30BD}.AppStore|iPhoneSimulator.ActiveCfg = Release|Any CPU
		{BC792FB6-8C58-43D1-BCE2-983BBE3D30BD}.AppStore|iPhoneSimulator.Build.0 = Release|Any CPU
		{BC792FB6-8C58-43D1-BCE2-983BBE3D30BD}.AppStore|iPhoneSimulator.Deploy.0 = Release|Any CPU
		{BC792FB6-8C58-43D1-BCE2-983BBE3D30BD}.AppStore|x64.ActiveCfg = Release|Any CPU
		{BC792FB6-8C58-43D1-BCE2-983BBE3D30BD}.AppStore|x64.Build.0 = Release|Any CPU
		{BC792FB6-8C58-43D1-BCE2-983BBE3D30BD}.AppStore|x64.Deploy.0 = Release|Any CPU
		{BC792FB6-8C58-43D1-BCE2-983BBE3D30BD}.AppStore|x86.ActiveCfg = Release|Any CPU
		{BC792FB6-8C58-43D1-BCE2-983BBE3D30BD}.AppStore|x86.Build.0 = Release|Any CPU
		{BC792FB6-8C58-43D1-BCE2-983BBE3D30BD}.AppStore|x86.Deploy.0 = Release|Any CPU
		{BC792FB6-8C58-43D1-BCE2-983BBE3D30BD}.Debug|Any CPU.ActiveCfg = Debug|Any CPU
		{BC792FB6-8C58-43D1-BCE2-983BBE3D30BD}.Debug|Any CPU.Build.0 = Debug|Any CPU
		{BC792FB6-8C58-43D1-BCE2-983BBE3D30BD}.Debug|Any CPU.Deploy.0 = Debug|Any CPU
		{BC792FB6-8C58-43D1-BCE2-983BBE3D30BD}.Debug|ARM.ActiveCfg = Debug|Any CPU
		{BC792FB6-8C58-43D1-BCE2-983BBE3D30BD}.Debug|ARM.Build.0 = Debug|Any CPU
		{BC792FB6-8C58-43D1-BCE2-983BBE3D30BD}.Debug|ARM.Deploy.0 = Debug|Any CPU
		{BC792FB6-8C58-43D1-BCE2-983BBE3D30BD}.Debug|iPhone.ActiveCfg = Debug|Any CPU
		{BC792FB6-8C58-43D1-BCE2-983BBE3D30BD}.Debug|iPhone.Build.0 = Debug|Any CPU
		{BC792FB6-8C58-43D1-BCE2-983BBE3D30BD}.Debug|iPhone.Deploy.0 = Debug|Any CPU
		{BC792FB6-8C58-43D1-BCE2-983BBE3D30BD}.Debug|iPhoneSimulator.ActiveCfg = Debug|Any CPU
		{BC792FB6-8C58-43D1-BCE2-983BBE3D30BD}.Debug|iPhoneSimulator.Build.0 = Debug|Any CPU
		{BC792FB6-8C58-43D1-BCE2-983BBE3D30BD}.Debug|iPhoneSimulator.Deploy.0 = Debug|Any CPU
		{BC792FB6-8C58-43D1-BCE2-983BBE3D30BD}.Debug|x64.ActiveCfg = Debug|Any CPU
		{BC792FB6-8C58-43D1-BCE2-983BBE3D30BD}.Debug|x64.Build.0 = Debug|Any CPU
		{BC792FB6-8C58-43D1-BCE2-983BBE3D30BD}.Debug|x64.Deploy.0 = Debug|Any CPU
		{BC792FB6-8C58-43D1-BCE2-983BBE3D30BD}.Debug|x86.ActiveCfg = Debug|Any CPU
		{BC792FB6-8C58-43D1-BCE2-983BBE3D30BD}.Debug|x86.Build.0 = Debug|Any CPU
		{BC792FB6-8C58-43D1-BCE2-983BBE3D30BD}.Debug|x86.Deploy.0 = Debug|Any CPU
		{BC792FB6-8C58-43D1-BCE2-983BBE3D30BD}.Release|Any CPU.ActiveCfg = Release|Any CPU
		{BC792FB6-8C58-43D1-BCE2-983BBE3D30BD}.Release|Any CPU.Build.0 = Release|Any CPU
		{BC792FB6-8C58-43D1-BCE2-983BBE3D30BD}.Release|Any CPU.Deploy.0 = Release|Any CPU
		{BC792FB6-8C58-43D1-BCE2-983BBE3D30BD}.Release|ARM.ActiveCfg = Release|Any CPU
		{BC792FB6-8C58-43D1-BCE2-983BBE3D30BD}.Release|ARM.Build.0 = Release|Any CPU
		{BC792FB6-8C58-43D1-BCE2-983BBE3D30BD}.Release|ARM.Deploy.0 = Release|Any CPU
		{BC792FB6-8C58-43D1-BCE2-983BBE3D30BD}.Release|iPhone.ActiveCfg = Release|Any CPU
		{BC792FB6-8C58-43D1-BCE2-983BBE3D30BD}.Release|iPhone.Build.0 = Release|Any CPU
		{BC792FB6-8C58-43D1-BCE2-983BBE3D30BD}.Release|iPhone.Deploy.0 = Release|Any CPU
		{BC792FB6-8C58-43D1-BCE2-983BBE3D30BD}.Release|iPhoneSimulator.ActiveCfg = Release|Any CPU
		{BC792FB6-8C58-43D1-BCE2-983BBE3D30BD}.Release|iPhoneSimulator.Build.0 = Release|Any CPU
		{BC792FB6-8C58-43D1-BCE2-983BBE3D30BD}.Release|iPhoneSimulator.Deploy.0 = Release|Any CPU
		{BC792FB6-8C58-43D1-BCE2-983BBE3D30BD}.Release|x64.ActiveCfg = Release|Any CPU
		{BC792FB6-8C58-43D1-BCE2-983BBE3D30BD}.Release|x64.Build.0 = Release|Any CPU
		{BC792FB6-8C58-43D1-BCE2-983BBE3D30BD}.Release|x64.Deploy.0 = Release|Any CPU
		{BC792FB6-8C58-43D1-BCE2-983BBE3D30BD}.Release|x86.ActiveCfg = Release|Any CPU
		{BC792FB6-8C58-43D1-BCE2-983BBE3D30BD}.Release|x86.Build.0 = Release|Any CPU
		{BC792FB6-8C58-43D1-BCE2-983BBE3D30BD}.Release|x86.Deploy.0 = Release|Any CPU
		{16502D76-8C85-401A-8E94-037A56579734}.Ad-Hoc|Any CPU.ActiveCfg = Ad-Hoc|iPhone
		{16502D76-8C85-401A-8E94-037A56579734}.Ad-Hoc|ARM.ActiveCfg = Ad-Hoc|iPhone
		{16502D76-8C85-401A-8E94-037A56579734}.Ad-Hoc|iPhone.ActiveCfg = Ad-Hoc|iPhone
		{16502D76-8C85-401A-8E94-037A56579734}.Ad-Hoc|iPhone.Build.0 = Ad-Hoc|iPhone
		{16502D76-8C85-401A-8E94-037A56579734}.Ad-Hoc|iPhoneSimulator.ActiveCfg = Ad-Hoc|iPhoneSimulator
		{16502D76-8C85-401A-8E94-037A56579734}.Ad-Hoc|iPhoneSimulator.Build.0 = Ad-Hoc|iPhoneSimulator
		{16502D76-8C85-401A-8E94-037A56579734}.Ad-Hoc|x64.ActiveCfg = Ad-Hoc|iPhone
		{16502D76-8C85-401A-8E94-037A56579734}.Ad-Hoc|x86.ActiveCfg = Ad-Hoc|iPhone
		{16502D76-8C85-401A-8E94-037A56579734}.AppStore|Any CPU.ActiveCfg = AppStore|iPhone
		{16502D76-8C85-401A-8E94-037A56579734}.AppStore|ARM.ActiveCfg = AppStore|iPhone
		{16502D76-8C85-401A-8E94-037A56579734}.AppStore|iPhone.ActiveCfg = AppStore|iPhone
		{16502D76-8C85-401A-8E94-037A56579734}.AppStore|iPhone.Build.0 = AppStore|iPhone
		{16502D76-8C85-401A-8E94-037A56579734}.AppStore|iPhoneSimulator.ActiveCfg = AppStore|iPhoneSimulator
		{16502D76-8C85-401A-8E94-037A56579734}.AppStore|iPhoneSimulator.Build.0 = AppStore|iPhoneSimulator
		{16502D76-8C85-401A-8E94-037A56579734}.AppStore|x64.ActiveCfg = AppStore|iPhone
		{16502D76-8C85-401A-8E94-037A56579734}.AppStore|x86.ActiveCfg = AppStore|iPhone
		{16502D76-8C85-401A-8E94-037A56579734}.Debug|Any CPU.ActiveCfg = Debug|iPhone
		{16502D76-8C85-401A-8E94-037A56579734}.Debug|Any CPU.Build.0 = Debug|iPhone
		{16502D76-8C85-401A-8E94-037A56579734}.Debug|ARM.ActiveCfg = Debug|iPhone
		{16502D76-8C85-401A-8E94-037A56579734}.Debug|iPhone.ActiveCfg = Debug|iPhone
		{16502D76-8C85-401A-8E94-037A56579734}.Debug|iPhone.Build.0 = Debug|iPhone
		{16502D76-8C85-401A-8E94-037A56579734}.Debug|iPhoneSimulator.ActiveCfg = Debug|iPhoneSimulator
		{16502D76-8C85-401A-8E94-037A56579734}.Debug|iPhoneSimulator.Build.0 = Debug|iPhoneSimulator
		{16502D76-8C85-401A-8E94-037A56579734}.Debug|x64.ActiveCfg = Debug|iPhone
		{16502D76-8C85-401A-8E94-037A56579734}.Debug|x86.ActiveCfg = Debug|iPhone
		{16502D76-8C85-401A-8E94-037A56579734}.Release|Any CPU.ActiveCfg = Release|iPhone
		{16502D76-8C85-401A-8E94-037A56579734}.Release|ARM.ActiveCfg = Release|iPhone
		{16502D76-8C85-401A-8E94-037A56579734}.Release|iPhone.ActiveCfg = Release|iPhone
		{16502D76-8C85-401A-8E94-037A56579734}.Release|iPhone.Build.0 = Release|iPhone
		{16502D76-8C85-401A-8E94-037A56579734}.Release|iPhoneSimulator.ActiveCfg = Release|iPhoneSimulator
		{16502D76-8C85-401A-8E94-037A56579734}.Release|iPhoneSimulator.Build.0 = Release|iPhoneSimulator
		{16502D76-8C85-401A-8E94-037A56579734}.Release|x64.ActiveCfg = Release|iPhone
		{16502D76-8C85-401A-8E94-037A56579734}.Release|x86.ActiveCfg = Release|iPhone
		{AD39C01C-0DD9-48AB-A7D4-879DD677BC7E}.Ad-Hoc|Any CPU.ActiveCfg = Release|x86
		{AD39C01C-0DD9-48AB-A7D4-879DD677BC7E}.Ad-Hoc|Any CPU.Build.0 = Release|x86
		{AD39C01C-0DD9-48AB-A7D4-879DD677BC7E}.Ad-Hoc|Any CPU.Deploy.0 = Release|x86
		{AD39C01C-0DD9-48AB-A7D4-879DD677BC7E}.Ad-Hoc|ARM.ActiveCfg = Release|ARM
		{AD39C01C-0DD9-48AB-A7D4-879DD677BC7E}.Ad-Hoc|ARM.Build.0 = Release|ARM
		{AD39C01C-0DD9-48AB-A7D4-879DD677BC7E}.Ad-Hoc|ARM.Deploy.0 = Release|ARM
		{AD39C01C-0DD9-48AB-A7D4-879DD677BC7E}.Ad-Hoc|iPhone.ActiveCfg = Release|x86
		{AD39C01C-0DD9-48AB-A7D4-879DD677BC7E}.Ad-Hoc|iPhone.Build.0 = Release|x86
		{AD39C01C-0DD9-48AB-A7D4-879DD677BC7E}.Ad-Hoc|iPhone.Deploy.0 = Release|x86
		{AD39C01C-0DD9-48AB-A7D4-879DD677BC7E}.Ad-Hoc|iPhoneSimulator.ActiveCfg = Release|x86
		{AD39C01C-0DD9-48AB-A7D4-879DD677BC7E}.Ad-Hoc|iPhoneSimulator.Build.0 = Release|x86
		{AD39C01C-0DD9-48AB-A7D4-879DD677BC7E}.Ad-Hoc|iPhoneSimulator.Deploy.0 = Release|x86
		{AD39C01C-0DD9-48AB-A7D4-879DD677BC7E}.Ad-Hoc|x64.ActiveCfg = Release|x64
		{AD39C01C-0DD9-48AB-A7D4-879DD677BC7E}.Ad-Hoc|x64.Build.0 = Release|x64
		{AD39C01C-0DD9-48AB-A7D4-879DD677BC7E}.Ad-Hoc|x64.Deploy.0 = Release|x64
		{AD39C01C-0DD9-48AB-A7D4-879DD677BC7E}.Ad-Hoc|x86.ActiveCfg = Release|x86
		{AD39C01C-0DD9-48AB-A7D4-879DD677BC7E}.Ad-Hoc|x86.Build.0 = Release|x86
		{AD39C01C-0DD9-48AB-A7D4-879DD677BC7E}.Ad-Hoc|x86.Deploy.0 = Release|x86
		{AD39C01C-0DD9-48AB-A7D4-879DD677BC7E}.AppStore|Any CPU.ActiveCfg = Release|x86
		{AD39C01C-0DD9-48AB-A7D4-879DD677BC7E}.AppStore|Any CPU.Build.0 = Release|x86
		{AD39C01C-0DD9-48AB-A7D4-879DD677BC7E}.AppStore|Any CPU.Deploy.0 = Release|x86
		{AD39C01C-0DD9-48AB-A7D4-879DD677BC7E}.AppStore|ARM.ActiveCfg = Release|ARM
		{AD39C01C-0DD9-48AB-A7D4-879DD677BC7E}.AppStore|ARM.Build.0 = Release|ARM
		{AD39C01C-0DD9-48AB-A7D4-879DD677BC7E}.AppStore|ARM.Deploy.0 = Release|ARM
		{AD39C01C-0DD9-48AB-A7D4-879DD677BC7E}.AppStore|iPhone.ActiveCfg = Release|x86
		{AD39C01C-0DD9-48AB-A7D4-879DD677BC7E}.AppStore|iPhone.Build.0 = Release|x86
		{AD39C01C-0DD9-48AB-A7D4-879DD677BC7E}.AppStore|iPhone.Deploy.0 = Release|x86
		{AD39C01C-0DD9-48AB-A7D4-879DD677BC7E}.AppStore|iPhoneSimulator.ActiveCfg = Release|x86
		{AD39C01C-0DD9-48AB-A7D4-879DD677BC7E}.AppStore|iPhoneSimulator.Build.0 = Release|x86
		{AD39C01C-0DD9-48AB-A7D4-879DD677BC7E}.AppStore|iPhoneSimulator.Deploy.0 = Release|x86
		{AD39C01C-0DD9-48AB-A7D4-879DD677BC7E}.AppStore|x64.ActiveCfg = Release|x64
		{AD39C01C-0DD9-48AB-A7D4-879DD677BC7E}.AppStore|x64.Build.0 = Release|x64
		{AD39C01C-0DD9-48AB-A7D4-879DD677BC7E}.AppStore|x64.Deploy.0 = Release|x64
		{AD39C01C-0DD9-48AB-A7D4-879DD677BC7E}.AppStore|x86.ActiveCfg = Release|x86
		{AD39C01C-0DD9-48AB-A7D4-879DD677BC7E}.AppStore|x86.Build.0 = Release|x86
		{AD39C01C-0DD9-48AB-A7D4-879DD677BC7E}.AppStore|x86.Deploy.0 = Release|x86
		{AD39C01C-0DD9-48AB-A7D4-879DD677BC7E}.Debug|Any CPU.ActiveCfg = Debug|x86
		{AD39C01C-0DD9-48AB-A7D4-879DD677BC7E}.Debug|ARM.ActiveCfg = Debug|ARM
		{AD39C01C-0DD9-48AB-A7D4-879DD677BC7E}.Debug|ARM.Build.0 = Debug|ARM
		{AD39C01C-0DD9-48AB-A7D4-879DD677BC7E}.Debug|ARM.Deploy.0 = Debug|ARM
		{AD39C01C-0DD9-48AB-A7D4-879DD677BC7E}.Debug|iPhone.ActiveCfg = Debug|x86
		{AD39C01C-0DD9-48AB-A7D4-879DD677BC7E}.Debug|iPhoneSimulator.ActiveCfg = Debug|x86
		{AD39C01C-0DD9-48AB-A7D4-879DD677BC7E}.Debug|iPhoneSimulator.Build.0 = Debug|x86
		{AD39C01C-0DD9-48AB-A7D4-879DD677BC7E}.Debug|iPhoneSimulator.Deploy.0 = Debug|x86
		{AD39C01C-0DD9-48AB-A7D4-879DD677BC7E}.Debug|x64.ActiveCfg = Debug|x64
		{AD39C01C-0DD9-48AB-A7D4-879DD677BC7E}.Debug|x64.Build.0 = Debug|x64
		{AD39C01C-0DD9-48AB-A7D4-879DD677BC7E}.Debug|x64.Deploy.0 = Debug|x64
		{AD39C01C-0DD9-48AB-A7D4-879DD677BC7E}.Debug|x86.ActiveCfg = Debug|x86
		{AD39C01C-0DD9-48AB-A7D4-879DD677BC7E}.Debug|x86.Build.0 = Debug|x86
		{AD39C01C-0DD9-48AB-A7D4-879DD677BC7E}.Debug|x86.Deploy.0 = Debug|x86
		{AD39C01C-0DD9-48AB-A7D4-879DD677BC7E}.Release|Any CPU.ActiveCfg = Release|x86
		{AD39C01C-0DD9-48AB-A7D4-879DD677BC7E}.Release|ARM.ActiveCfg = Release|ARM
		{AD39C01C-0DD9-48AB-A7D4-879DD677BC7E}.Release|ARM.Build.0 = Release|ARM
		{AD39C01C-0DD9-48AB-A7D4-879DD677BC7E}.Release|ARM.Deploy.0 = Release|ARM
		{AD39C01C-0DD9-48AB-A7D4-879DD677BC7E}.Release|iPhone.ActiveCfg = Release|x86
		{AD39C01C-0DD9-48AB-A7D4-879DD677BC7E}.Release|iPhoneSimulator.ActiveCfg = Release|x86
		{AD39C01C-0DD9-48AB-A7D4-879DD677BC7E}.Release|x64.ActiveCfg = Release|x64
		{AD39C01C-0DD9-48AB-A7D4-879DD677BC7E}.Release|x64.Build.0 = Release|x64
		{AD39C01C-0DD9-48AB-A7D4-879DD677BC7E}.Release|x64.Deploy.0 = Release|x64
		{AD39C01C-0DD9-48AB-A7D4-879DD677BC7E}.Release|x86.ActiveCfg = Release|x86
		{AD39C01C-0DD9-48AB-A7D4-879DD677BC7E}.Release|x86.Build.0 = Release|x86
		{AD39C01C-0DD9-48AB-A7D4-879DD677BC7E}.Release|x86.Deploy.0 = Release|x86
	EndGlobalSection
	GlobalSection(SolutionProperties) = preSolution
		HideSolutionNode = FALSE
	EndGlobalSection
EndGlobal
